
Microsoft Visual Studio Solution File, Format Version 12.00
# Visual Studio Version 16
VisualStudioVersion = 16.0.28809.33
MinimumVisualStudioVersion = 10.0.40219.1
Project("{9A19103F-16F7-4668-BE54-9A1E7A4F7556}") = "MS.Step.PlantUML.Render", "MS.Step.PlantUML.Render\MS.Step.PlantUML.Render.csproj", "{0AF6E480-092C-464D-B660-BCAB2BAF42DD}"
EndProject
Project("{9A19103F-16F7-4668-BE54-9A1E7A4F7556}") = "MS.Step.Converter.DiscordTree2PlantUMLTree", "MS.Step.Converter.DiscordTree2PlantUMLTree\MS.Step.Converter.DiscordTree2PlantUMLTree.csproj", "{019074F8-AE94-4E76-8F55-85435548FB97}"
EndProject
Project("{9A19103F-16F7-4668-BE54-9A1E7A4F7556}") = "MS.Step.IO.DB.DiscordSereverStructure", "MS.Step.IO.DB.DiscordSereverStructure\MS.Step.IO.DB.DiscordSereverStructure.csproj", "{26507E67-B749-44D5-B319-4D8EBDE2FC5F}"
EndProject
Project("{9A19103F-16F7-4668-BE54-9A1E7A4F7556}") = "MS.Task.Manager.DiscordTree2PlantUMLTree", "MS.Task.Manager.DiscordTree2PlantUMLTree\MS.Task.Manager.DiscordTree2PlantUMLTree.csproj", "{0FF632A9-40BD-4C4A-8806-8FBD05F66F74}"
EndProject
Project("{9A19103F-16F7-4668-BE54-9A1E7A4F7556}") = "MS.Watcher.DiscordBot", "MS.Watcher.DiscordBot\MS.Watcher.DiscordBot.csproj", "{742FD210-A108-4A1C-BAD6-83186EA11446}"
EndProject
Project("{2150E333-8FDC-42A3-9474-1A3956D46DE8}") = "BuildingBlocks", "BuildingBlocks", "{301BDFC9-45F3-43CB-9016-B6C00D73EC4A}"
EndProject
Project("{2150E333-8FDC-42A3-9474-1A3956D46DE8}") = "EventBus", "EventBus", "{BCD44E2A-83F9-4488-9CA8-31F4B4B58654}"
EndProject
Project("{9A19103F-16F7-4668-BE54-9A1E7A4F7556}") = "EventBus", "BuildingBlocks\EventBus\EventBus\EventBus.csproj", "{5EEA41B9-BE3D-456E-9EB2-546D2288DCD6}"
EndProject
Project("{9A19103F-16F7-4668-BE54-9A1E7A4F7556}") = "EventBus.Tests", "BuildingBlocks\EventBus\EventBus.Tests\EventBus.Tests.csproj", "{AF7B408A-D17E-45D5-848F-7B72D91B76E5}"
EndProject
Project("{9A19103F-16F7-4668-BE54-9A1E7A4F7556}") = "EventBusRabbitMQ", "BuildingBlocks\EventBus\EventBusRabbitMQ\EventBusRabbitMQ.csproj", "{6A9285B8-0B01-48A4-AE47-A3A92ABB3BD7}"
EndProject
Project("{2150E333-8FDC-42A3-9474-1A3956D46DE8}") = "Data", "Data", "{721E0D50-4E1B-43DD-BFEA-52EE6E324710}"
EndProject
Project("{9A19103F-16F7-4668-BE54-9A1E7A4F7556}") = "MLP.Tools.Data.TreeStructure", "MLP\Tools\Data\TreeStructure\MLP.Tools.Data.TreeStructure\MLP.Tools.Data.TreeStructure.csproj", "{C0192869-11E4-4000-A4C0-F91E54319AA2}"
EndProject
Project("{9A19103F-16F7-4668-BE54-9A1E7A4F7556}") = "MLP.MS.Step.Converter.DiscordTreeString2TreeStructure", "MLP\MS\Step\MLP.MS.Step.Converter.DiscordTreeString2TreeStructure\MLP.MS.Step.Converter.DiscordTreeString2TreeStructure.csproj", "{C9AE2643-0F0C-4F1B-8157-C1B307B1C9AA}"
EndProject
Project("{2150E333-8FDC-42A3-9474-1A3956D46DE8}") = "RabbitMQ.Tutorial", "RabbitMQ.Tutorial", "{E70471C2-0BA6-4CED-B951-994BF42F7E92}"
EndProject
Project("{2150E333-8FDC-42A3-9474-1A3956D46DE8}") = "Step1 Hello World!", "Step1 Hello World!", "{7816CCBD-D983-457C-9E7E-43C6E24A39D2}"
EndProject
Project("{9A19103F-16F7-4668-BE54-9A1E7A4F7556}") = "Receive", "RabbitMQ.Tutorial\Step1\Receive\Receive.csproj", "{D572029B-D77A-4A45-BE8A-4D5C98193578}"
EndProject
Project("{9A19103F-16F7-4668-BE54-9A1E7A4F7556}") = "Send", "RabbitMQ.Tutorial\Step1\Send\Send.csproj", "{24B2250E-B121-43B6-BBFB-5066CAAA894D}"
EndProject
Project("{2150E333-8FDC-42A3-9474-1A3956D46DE8}") = "Step2 Work queues", "Step2 Work queues", "{F23A0CF7-6D4E-4A17-9431-15784C0F3D96}"
EndProject
Project("{9A19103F-16F7-4668-BE54-9A1E7A4F7556}") = "NewTask", "RabbitMQ.Tutorial\Step2\NewTask\NewTask.csproj", "{3438136B-7C1D-4A43-8116-5DD79DEF751C}"
EndProject
Project("{9A19103F-16F7-4668-BE54-9A1E7A4F7556}") = "Worker", "RabbitMQ.Tutorial\Step2\Worker\Worker.csproj", "{266BE684-BC1E-445E-94E2-993266F2FB48}"
EndProject
Project("{2150E333-8FDC-42A3-9474-1A3956D46DE8}") = "Step3  Publish Subscribe", "Step3  Publish Subscribe", "{E21F6DAE-F7B4-41DE-955D-3B7A5488268B}"
EndProject
Project("{2150E333-8FDC-42A3-9474-1A3956D46DE8}") = "Step6 RPC", "Step6 RPC", "{1FB75E10-0F04-43C7-AB28-9277F19B8C2B}"
EndProject
Project("{9A19103F-16F7-4668-BE54-9A1E7A4F7556}") = "RPCServer", "RabbitMQ.Tutorial\Step6\RPCServer\RPCServer.csproj", "{E0DE38E9-A42F-4516-A84A-C82D308A8D5A}"
EndProject
Project("{FAE04EC0-301F-11D3-BF4B-00C04F79EFBC}") = "RpcClient", "RabbitMQ.Tutorial\Step6\RpcClient\RpcClient.csproj", "{F8B1A7B4-ACB4-4C83-BED5-83D3E9726C5C}"
EndProject
Project("{2150E333-8FDC-42A3-9474-1A3956D46DE8}") = "API", "API", "{10AA4839-D3CF-47FB-8D4B-75F9BDF0E286}"
EndProject
Project("{2150E333-8FDC-42A3-9474-1A3956D46DE8}") = "V1", "V1", "{70E2B30C-45FF-4451-AFB1-F6C97567FAD2}"
EndProject
Project("{2150E333-8FDC-42A3-9474-1A3956D46DE8}") = "CS", "CS", "{C63AA33B-15F7-4291-9AB0-46EF5209C028}"
EndProject
Project("{2150E333-8FDC-42A3-9474-1A3956D46DE8}") = "Python", "Python", "{82AAA06A-7B3C-4A1F-BAE4-9FE6D5FE9C24}"
EndProject
Project("{FAE04EC0-301F-11D3-BF4B-00C04F79EFBC}") = "API.V1.RPC.Server.CS", "API\V1\CS\API.V1.RPC.Server.CS\API.V1.RPC.Server.CS.csproj", "{E70A31C8-CC77-46D5-9CA5-930F8C1A4B91}"
EndProject
Project("{FAE04EC0-301F-11D3-BF4B-00C04F79EFBC}") = "API.V1.RPC.Client.CS", "API\V1\CS\API.V1.RPC.Client.CS\API.V1.RPC.Client.CS.csproj", "{9B991FF8-EA25-4C65-941E-26F8F55870E2}"
EndProject
Project("{2150E333-8FDC-42A3-9474-1A3956D46DE8}") = "Tools", "Tools", "{B3307190-3DDE-4BA4-8048-4A5635FA2E5B}"
EndProject
Project("{2150E333-8FDC-42A3-9474-1A3956D46DE8}") = "Data", "Data", "{3D025E5A-75C0-4852-BD21-12EA5D36E6ED}"
EndProject
Global
	GlobalSection(SolutionConfigurationPlatforms) = preSolution
		Debug|Any CPU = Debug|Any CPU
		Release|Any CPU = Release|Any CPU
	EndGlobalSection
	GlobalSection(ProjectConfigurationPlatforms) = postSolution
		{0AF6E480-092C-464D-B660-BCAB2BAF42DD}.Debug|Any CPU.ActiveCfg = Debug|Any CPU
		{0AF6E480-092C-464D-B660-BCAB2BAF42DD}.Debug|Any CPU.Build.0 = Debug|Any CPU
		{0AF6E480-092C-464D-B660-BCAB2BAF42DD}.Release|Any CPU.ActiveCfg = Release|Any CPU
		{0AF6E480-092C-464D-B660-BCAB2BAF42DD}.Release|Any CPU.Build.0 = Release|Any CPU
		{019074F8-AE94-4E76-8F55-85435548FB97}.Debug|Any CPU.ActiveCfg = Debug|Any CPU
		{019074F8-AE94-4E76-8F55-85435548FB97}.Debug|Any CPU.Build.0 = Debug|Any CPU
		{019074F8-AE94-4E76-8F55-85435548FB97}.Release|Any CPU.ActiveCfg = Release|Any CPU
		{019074F8-AE94-4E76-8F55-85435548FB97}.Release|Any CPU.Build.0 = Release|Any CPU
		{26507E67-B749-44D5-B319-4D8EBDE2FC5F}.Debug|Any CPU.ActiveCfg = Debug|Any CPU
		{26507E67-B749-44D5-B319-4D8EBDE2FC5F}.Debug|Any CPU.Build.0 = Debug|Any CPU
		{26507E67-B749-44D5-B319-4D8EBDE2FC5F}.Release|Any CPU.ActiveCfg = Release|Any CPU
		{26507E67-B749-44D5-B319-4D8EBDE2FC5F}.Release|Any CPU.Build.0 = Release|Any CPU
		{0FF632A9-40BD-4C4A-8806-8FBD05F66F74}.Debug|Any CPU.ActiveCfg = Debug|Any CPU
		{0FF632A9-40BD-4C4A-8806-8FBD05F66F74}.Debug|Any CPU.Build.0 = Debug|Any CPU
		{0FF632A9-40BD-4C4A-8806-8FBD05F66F74}.Release|Any CPU.ActiveCfg = Release|Any CPU
		{0FF632A9-40BD-4C4A-8806-8FBD05F66F74}.Release|Any CPU.Build.0 = Release|Any CPU
		{742FD210-A108-4A1C-BAD6-83186EA11446}.Debug|Any CPU.ActiveCfg = Debug|Any CPU
		{742FD210-A108-4A1C-BAD6-83186EA11446}.Debug|Any CPU.Build.0 = Debug|Any CPU
		{742FD210-A108-4A1C-BAD6-83186EA11446}.Release|Any CPU.ActiveCfg = Release|Any CPU
		{742FD210-A108-4A1C-BAD6-83186EA11446}.Release|Any CPU.Build.0 = Release|Any CPU
		{5EEA41B9-BE3D-456E-9EB2-546D2288DCD6}.Debug|Any CPU.ActiveCfg = Debug|Any CPU
		{5EEA41B9-BE3D-456E-9EB2-546D2288DCD6}.Debug|Any CPU.Build.0 = Debug|Any CPU
		{5EEA41B9-BE3D-456E-9EB2-546D2288DCD6}.Release|Any CPU.ActiveCfg = Release|Any CPU
		{5EEA41B9-BE3D-456E-9EB2-546D2288DCD6}.Release|Any CPU.Build.0 = Release|Any CPU
		{AF7B408A-D17E-45D5-848F-7B72D91B76E5}.Debug|Any CPU.ActiveCfg = Debug|Any CPU
		{AF7B408A-D17E-45D5-848F-7B72D91B76E5}.Debug|Any CPU.Build.0 = Debug|Any CPU
		{AF7B408A-D17E-45D5-848F-7B72D91B76E5}.Release|Any CPU.ActiveCfg = Release|Any CPU
		{AF7B408A-D17E-45D5-848F-7B72D91B76E5}.Release|Any CPU.Build.0 = Release|Any CPU
		{6A9285B8-0B01-48A4-AE47-A3A92ABB3BD7}.Debug|Any CPU.ActiveCfg = Debug|Any CPU
		{6A9285B8-0B01-48A4-AE47-A3A92ABB3BD7}.Debug|Any CPU.Build.0 = Debug|Any CPU
		{6A9285B8-0B01-48A4-AE47-A3A92ABB3BD7}.Release|Any CPU.ActiveCfg = Release|Any CPU
		{6A9285B8-0B01-48A4-AE47-A3A92ABB3BD7}.Release|Any CPU.Build.0 = Release|Any CPU
		{C0192869-11E4-4000-A4C0-F91E54319AA2}.Debug|Any CPU.ActiveCfg = Debug|Any CPU
		{C0192869-11E4-4000-A4C0-F91E54319AA2}.Debug|Any CPU.Build.0 = Debug|Any CPU
		{C0192869-11E4-4000-A4C0-F91E54319AA2}.Release|Any CPU.ActiveCfg = Release|Any CPU
		{C0192869-11E4-4000-A4C0-F91E54319AA2}.Release|Any CPU.Build.0 = Release|Any CPU
		{C9AE2643-0F0C-4F1B-8157-C1B307B1C9AA}.Debug|Any CPU.ActiveCfg = Debug|Any CPU
		{C9AE2643-0F0C-4F1B-8157-C1B307B1C9AA}.Debug|Any CPU.Build.0 = Debug|Any CPU
		{C9AE2643-0F0C-4F1B-8157-C1B307B1C9AA}.Release|Any CPU.ActiveCfg = Release|Any CPU
		{C9AE2643-0F0C-4F1B-8157-C1B307B1C9AA}.Release|Any CPU.Build.0 = Release|Any CPU
		{D572029B-D77A-4A45-BE8A-4D5C98193578}.Debug|Any CPU.ActiveCfg = Debug|Any CPU
		{D572029B-D77A-4A45-BE8A-4D5C98193578}.Debug|Any CPU.Build.0 = Debug|Any CPU
		{D572029B-D77A-4A45-BE8A-4D5C98193578}.Release|Any CPU.ActiveCfg = Release|Any CPU
		{D572029B-D77A-4A45-BE8A-4D5C98193578}.Release|Any CPU.Build.0 = Release|Any CPU
		{24B2250E-B121-43B6-BBFB-5066CAAA894D}.Debug|Any CPU.ActiveCfg = Debug|Any CPU
		{24B2250E-B121-43B6-BBFB-5066CAAA894D}.Debug|Any CPU.Build.0 = Debug|Any CPU
		{24B2250E-B121-43B6-BBFB-5066CAAA894D}.Release|Any CPU.ActiveCfg = Release|Any CPU
		{24B2250E-B121-43B6-BBFB-5066CAAA894D}.Release|Any CPU.Build.0 = Release|Any CPU
		{3438136B-7C1D-4A43-8116-5DD79DEF751C}.Debug|Any CPU.ActiveCfg = Debug|Any CPU
		{3438136B-7C1D-4A43-8116-5DD79DEF751C}.Debug|Any CPU.Build.0 = Debug|Any CPU
		{3438136B-7C1D-4A43-8116-5DD79DEF751C}.Release|Any CPU.ActiveCfg = Release|Any CPU
		{3438136B-7C1D-4A43-8116-5DD79DEF751C}.Release|Any CPU.Build.0 = Release|Any CPU
		{266BE684-BC1E-445E-94E2-993266F2FB48}.Debug|Any CPU.ActiveCfg = Debug|Any CPU
		{266BE684-BC1E-445E-94E2-993266F2FB48}.Debug|Any CPU.Build.0 = Debug|Any CPU
		{266BE684-BC1E-445E-94E2-993266F2FB48}.Release|Any CPU.ActiveCfg = Release|Any CPU
		{266BE684-BC1E-445E-94E2-993266F2FB48}.Release|Any CPU.Build.0 = Release|Any CPU
		{E0DE38E9-A42F-4516-A84A-C82D308A8D5A}.Debug|Any CPU.ActiveCfg = Debug|Any CPU
		{E0DE38E9-A42F-4516-A84A-C82D308A8D5A}.Debug|Any CPU.Build.0 = Debug|Any CPU
		{E0DE38E9-A42F-4516-A84A-C82D308A8D5A}.Release|Any CPU.ActiveCfg = Release|Any CPU
		{E0DE38E9-A42F-4516-A84A-C82D308A8D5A}.Release|Any CPU.Build.0 = Release|Any CPU
		{F8B1A7B4-ACB4-4C83-BED5-83D3E9726C5C}.Debug|Any CPU.ActiveCfg = Debug|Any CPU
		{F8B1A7B4-ACB4-4C83-BED5-83D3E9726C5C}.Debug|Any CPU.Build.0 = Debug|Any CPU
		{F8B1A7B4-ACB4-4C83-BED5-83D3E9726C5C}.Release|Any CPU.ActiveCfg = Release|Any CPU
		{F8B1A7B4-ACB4-4C83-BED5-83D3E9726C5C}.Release|Any CPU.Build.0 = Release|Any CPU
		{E70A31C8-CC77-46D5-9CA5-930F8C1A4B91}.Debug|Any CPU.ActiveCfg = Debug|Any CPU
		{E70A31C8-CC77-46D5-9CA5-930F8C1A4B91}.Debug|Any CPU.Build.0 = Debug|Any CPU
		{E70A31C8-CC77-46D5-9CA5-930F8C1A4B91}.Release|Any CPU.ActiveCfg = Release|Any CPU
		{E70A31C8-CC77-46D5-9CA5-930F8C1A4B91}.Release|Any CPU.Build.0 = Release|Any CPU
		{9B991FF8-EA25-4C65-941E-26F8F55870E2}.Debug|Any CPU.ActiveCfg = Debug|Any CPU
		{9B991FF8-EA25-4C65-941E-26F8F55870E2}.Debug|Any CPU.Build.0 = Debug|Any CPU
		{9B991FF8-EA25-4C65-941E-26F8F55870E2}.Release|Any CPU.ActiveCfg = Release|Any CPU
		{9B991FF8-EA25-4C65-941E-26F8F55870E2}.Release|Any CPU.Build.0 = Release|Any CPU
	EndGlobalSection
	GlobalSection(SolutionProperties) = preSolution
		HideSolutionNode = FALSE
	EndGlobalSection
	GlobalSection(NestedProjects) = preSolution
		{BCD44E2A-83F9-4488-9CA8-31F4B4B58654} = {301BDFC9-45F3-43CB-9016-B6C00D73EC4A}
		{5EEA41B9-BE3D-456E-9EB2-546D2288DCD6} = {BCD44E2A-83F9-4488-9CA8-31F4B4B58654}
		{AF7B408A-D17E-45D5-848F-7B72D91B76E5} = {BCD44E2A-83F9-4488-9CA8-31F4B4B58654}
		{6A9285B8-0B01-48A4-AE47-A3A92ABB3BD7} = {BCD44E2A-83F9-4488-9CA8-31F4B4B58654}
		{721E0D50-4E1B-43DD-BFEA-52EE6E324710} = {301BDFC9-45F3-43CB-9016-B6C00D73EC4A}
		{C0192869-11E4-4000-A4C0-F91E54319AA2} = {3D025E5A-75C0-4852-BD21-12EA5D36E6ED}
		{7816CCBD-D983-457C-9E7E-43C6E24A39D2} = {E70471C2-0BA6-4CED-B951-994BF42F7E92}
		{D572029B-D77A-4A45-BE8A-4D5C98193578} = {7816CCBD-D983-457C-9E7E-43C6E24A39D2}
		{24B2250E-B121-43B6-BBFB-5066CAAA894D} = {7816CCBD-D983-457C-9E7E-43C6E24A39D2}
		{F23A0CF7-6D4E-4A17-9431-15784C0F3D96} = {E70471C2-0BA6-4CED-B951-994BF42F7E92}
		{3438136B-7C1D-4A43-8116-5DD79DEF751C} = {F23A0CF7-6D4E-4A17-9431-15784C0F3D96}
		{266BE684-BC1E-445E-94E2-993266F2FB48} = {F23A0CF7-6D4E-4A17-9431-15784C0F3D96}
		{E21F6DAE-F7B4-41DE-955D-3B7A5488268B} = {E70471C2-0BA6-4CED-B951-994BF42F7E92}
		{1FB75E10-0F04-43C7-AB28-9277F19B8C2B} = {E70471C2-0BA6-4CED-B951-994BF42F7E92}
		{E0DE38E9-A42F-4516-A84A-C82D308A8D5A} = {1FB75E10-0F04-43C7-AB28-9277F19B8C2B}
		{F8B1A7B4-ACB4-4C83-BED5-83D3E9726C5C} = {1FB75E10-0F04-43C7-AB28-9277F19B8C2B}
		{70E2B30C-45FF-4451-AFB1-F6C97567FAD2} = {10AA4839-D3CF-47FB-8D4B-75F9BDF0E286}
		{C63AA33B-15F7-4291-9AB0-46EF5209C028} = {70E2B30C-45FF-4451-AFB1-F6C97567FAD2}
		{82AAA06A-7B3C-4A1F-BAE4-9FE6D5FE9C24} = {70E2B30C-45FF-4451-AFB1-F6C97567FAD2}
		{E70A31C8-CC77-46D5-9CA5-930F8C1A4B91} = {C63AA33B-15F7-4291-9AB0-46EF5209C028}
		{9B991FF8-EA25-4C65-941E-26F8F55870E2} = {C63AA33B-15F7-4291-9AB0-46EF5209C028}
		{3D025E5A-75C0-4852-BD21-12EA5D36E6ED} = {B3307190-3DDE-4BA4-8048-4A5635FA2E5B}
	EndGlobalSection
	GlobalSection(ExtensibilityGlobals) = postSolution
		SolutionGuid = {E3B8D0F4-D5C5-46BA-AA22-23177E43428E}
	EndGlobalSection
EndGlobal
